
Microsoft Visual Studio Solution File, Format Version 12.00
# Visual Studio Version 17
VisualStudioVersion = 17.6.33815.320
MinimumVisualStudioVersion = 10.0.40219.1
Project("{FAE04EC0-301F-11D3-BF4B-00C04F79EFBC}") = "WebAPI", "WebAPI\WebAPI.csproj", "{AC140A1A-8ED2-4841-A40D-76D8C22526AC}"
EndProject
Project("{FAE04EC0-301F-11D3-BF4B-00C04F79EFBC}") = "Models", "Models\Models.csproj", "{B251577D-5A5E-41D5-8789-FAA6891C3928}"
EndProject
Project("{FAE04EC0-301F-11D3-BF4B-00C04F79EFBC}") = "DAL", "DAL\DAL.csproj", "{2A0DC55F-9FA5-4427-81D8-DAF4F522AF7F}"
EndProject
Project("{FAE04EC0-301F-11D3-BF4B-00C04F79EFBC}") = "Services", "Services\Services.csproj", "{65E660D4-4FF1-4B6D-B1FF-26690249235B}"
EndProject
Project("{2150E333-8FDC-42A3-9474-1A3956D46DE8}") = "source", "source", "{B41711AC-1114-497C-AF7D-2C5101AB6E90}"
EndProject
Project("{2150E333-8FDC-42A3-9474-1A3956D46DE8}") = "unittests", "unittests", "{443CC1CF-9885-4EFA-9CDA-D541A3A644F6}"
EndProject
Project("{FAE04EC0-301F-11D3-BF4B-00C04F79EFBC}") = "WebAPI.Tests", "WebAPI.Tests\WebAPI.Tests.csproj", "{4F5A12AB-A54F-484D-8B61-3E0B91B9539F}"
EndProject
Project("{FAE04EC0-301F-11D3-BF4B-00C04F79EFBC}") = "Services.Tests", "Services.Tests\Services.Tests.csproj", "{C616F4E0-88A0-486C-BD12-D4F9462C404D}"
EndProject
Project("{FAE04EC0-301F-11D3-BF4B-00C04F79EFBC}") = "Test.Helper", "Test.Helper\Test.Helper.csproj", "{7D3A651F-351B-4F42-976C-EECEE0EDAA2D}"
EndProject
Global
	GlobalSection(SolutionConfigurationPlatforms) = preSolution
		Debug|Any CPU = Debug|Any CPU
		Release|Any CPU = Release|Any CPU
	EndGlobalSection
	GlobalSection(ProjectConfigurationPlatforms) = postSolution
		{AC140A1A-8ED2-4841-A40D-76D8C22526AC}.Debug|Any CPU.ActiveCfg = Debug|Any CPU
		{AC140A1A-8ED2-4841-A40D-76D8C22526AC}.Debug|Any CPU.Build.0 = Debug|Any CPU
		{AC140A1A-8ED2-4841-A40D-76D8C22526AC}.Release|Any CPU.ActiveCfg = Release|Any CPU
		{AC140A1A-8ED2-4841-A40D-76D8C22526AC}.Release|Any CPU.Build.0 = Release|Any CPU
		{B251577D-5A5E-41D5-8789-FAA6891C3928}.Debug|Any CPU.ActiveCfg = Debug|Any CPU
		{B251577D-5A5E-41D5-8789-FAA6891C3928}.Debug|Any CPU.Build.0 = Debug|Any CPU
		{B251577D-5A5E-41D5-8789-FAA6891C3928}.Release|Any CPU.ActiveCfg = Release|Any CPU
		{B251577D-5A5E-41D5-8789-FAA6891C3928}.Release|Any CPU.Build.0 = Release|Any CPU
		{2A0DC55F-9FA5-4427-81D8-DAF4F522AF7F}.Debug|Any CPU.ActiveCfg = Debug|Any CPU
		{2A0DC55F-9FA5-4427-81D8-DAF4F522AF7F}.Debug|Any CPU.Build.0 = Debug|Any CPU
		{2A0DC55F-9FA5-4427-81D8-DAF4F522AF7F}.Release|Any CPU.ActiveCfg = Release|Any CPU
		{2A0DC55F-9FA5-4427-81D8-DAF4F522AF7F}.Release|Any CPU.Build.0 = Release|Any CPU
		{65E660D4-4FF1-4B6D-B1FF-26690249235B}.Debug|Any CPU.ActiveCfg = Debug|Any CPU
		{65E660D4-4FF1-4B6D-B1FF-26690249235B}.Debug|Any CPU.Build.0 = Debug|Any CPU
		{65E660D4-4FF1-4B6D-B1FF-26690249235B}.Release|Any CPU.ActiveCfg = Release|Any CPU
		{65E660D4-4FF1-4B6D-B1FF-26690249235B}.Release|Any CPU.Build.0 = Release|Any CPU
		{4F5A12AB-A54F-484D-8B61-3E0B91B9539F}.Debug|Any CPU.ActiveCfg = Debug|Any CPU
		{4F5A12AB-A54F-484D-8B61-3E0B91B9539F}.Debug|Any CPU.Build.0 = Debug|Any CPU
		{4F5A12AB-A54F-484D-8B61-3E0B91B9539F}.Release|Any CPU.ActiveCfg = Release|Any CPU
		{4F5A12AB-A54F-484D-8B61-3E0B91B9539F}.Release|Any CPU.Build.0 = Release|Any CPU
		{C616F4E0-88A0-486C-BD12-D4F9462C404D}.Debug|Any CPU.ActiveCfg = Debug|Any CPU
		{C616F4E0-88A0-486C-BD12-D4F9462C404D}.Debug|Any CPU.Build.0 = Debug|Any CPU
		{C616F4E0-88A0-486C-BD12-D4F9462C404D}.Release|Any CPU.ActiveCfg = Release|Any CPU
		{C616F4E0-88A0-486C-BD12-D4F9462C404D}.Release|Any CPU.Build.0 = Release|Any CPU
		{7D3A651F-351B-4F42-976C-EECEE0EDAA2D}.Debug|Any CPU.ActiveCfg = Debug|Any CPU
		{7D3A651F-351B-4F42-976C-EECEE0EDAA2D}.Debug|Any CPU.Build.0 = Debug|Any CPU
		{7D3A651F-351B-4F42-976C-EECEE0EDAA2D}.Release|Any CPU.ActiveCfg = Release|Any CPU
		{7D3A651F-351B-4F42-976C-EECEE0EDAA2D}.Release|Any CPU.Build.0 = Release|Any CPU
	EndGlobalSection
	GlobalSection(SolutionProperties) = preSolution
		HideSolutionNode = FALSE
	EndGlobalSection
	GlobalSection(NestedProjects) = preSolution
		{AC140A1A-8ED2-4841-A40D-76D8C22526AC} = {B41711AC-1114-497C-AF7D-2C5101AB6E90}
		{B251577D-5A5E-41D5-8789-FAA6891C3928} = {B41711AC-1114-497C-AF7D-2C5101AB6E90}
		{2A0DC55F-9FA5-4427-81D8-DAF4F522AF7F} = {B41711AC-1114-497C-AF7D-2C5101AB6E90}
		{65E660D4-4FF1-4B6D-B1FF-26690249235B} = {B41711AC-1114-497C-AF7D-2C5101AB6E90}
		{4F5A12AB-A54F-484D-8B61-3E0B91B9539F} = {443CC1CF-9885-4EFA-9CDA-D541A3A644F6}
		{C616F4E0-88A0-486C-BD12-D4F9462C404D} = {443CC1CF-9885-4EFA-9CDA-D541A3A644F6}
		{7D3A651F-351B-4F42-976C-EECEE0EDAA2D} = {443CC1CF-9885-4EFA-9CDA-D541A3A644F6}
	EndGlobalSection
	GlobalSection(ExtensibilityGlobals) = postSolution
		SolutionGuid = {3E5791DA-03EC-4A7F-BB85-85C135A4C77A}
	EndGlobalSection
EndGlobal
